
Microsoft Visual Studio Solution File, Format Version 12.00
# Visual Studio Version 16
VisualStudioVersion = 16.0.31702.278
MinimumVisualStudioVersion = 10.0.40219.1
Project("{FAE04EC0-301F-11D3-BF4B-00C04F79EFBC}") = "LoginAPI", "LoginAPI\LoginAPI.csproj", "{87044FB4-2EAD-44A7-9601-E6A3FBBD37FC}"
EndProject
Global
	GlobalSection(SolutionConfigurationPlatforms) = preSolution
		Debug|Any CPU = Debug|Any CPU
		Release|Any CPU = Release|Any CPU
	EndGlobalSection
	GlobalSection(ProjectConfigurationPlatforms) = postSolution
		{87044FB4-2EAD-44A7-9601-E6A3FBBD37FC}.Debug|Any CPU.ActiveCfg = Debug|Any CPU
		{87044FB4-2EAD-44A7-9601-E6A3FBBD37FC}.Debug|Any CPU.Build.0 = Debug|Any CPU
		{87044FB4-2EAD-44A7-9601-E6A3FBBD37FC}.Release|Any CPU.ActiveCfg = Release|Any CPU
		{87044FB4-2EAD-44A7-9601-E6A3FBBD37FC}.Release|Any CPU.Build.0 = Release|Any CPU
	EndGlobalSection
	GlobalSection(SolutionProperties) = preSolution
		HideSolutionNode = FALSE
	EndGlobalSection
	GlobalSection(ExtensibilityGlobals) = postSolution
		SolutionGuid = {5D4DC64E-89B8-4448-9ECD-05C1A645E1F6}
	EndGlobalSection
EndGlobal
